# This file was autogenerated by Stack.
# You should not edit this file by hand.
# For more information, please see the documentation at:
#   https://docs.haskellstack.org/en/stable/lock_files

packages:
- completed:
    hackage: serialise-0.2.0.0@sha256:6ee31f26c0f53874caa9db07d94de4cf3d2200116a272d582f3e03e456fe78f3,9092
    pantry-tree:
      size: 4407
      sha256: 72e57caaaeb36319156b4b1b669c94a9b8a69c086c6f40b058d22d182797948b
  original:
    hackage: serialise-0.2.0.0
- completed:
    hackage: cborg-0.2.0.0@sha256:6092e8418808b3a48f96b4098e90b584f89487a5f0ded2e9d28fe88bce81ac20,3155
    pantry-tree:
      size: 1156
      sha256: b24df9045448c64c94af090f21e4d3b6efa0d5fbc718a067040ed6f2add4c88e
  original:
    hackage: cborg-0.2.0.0
- completed:
    hackage: timers-updatable-0.2.0.2@sha256:8dc262bb1324c02eae4251f2b0f78109d1a6133754d5ae845778908abda43858,946
    pantry-tree:
      size: 295
      sha256: 54f276f79be8ffff4aa0d3b290e3d9b3ebbb0feb5a2ec889a413ce92d235d042
  original:
    hackage: timers-updatable-0.2.0.2
- completed:
    hackage: statsd-client-0.3.0.0@sha256:cd1cd5c38a5f8332354d77b1eb1e58e477b718bc2d849e72415f7df8c5659af6,1222
    pantry-tree:
      size: 426
      sha256: 9e9135ecd89321839753ca9b6d193a1e2f926f699e97eea366490aa7ec46b191
  original:
    hackage: statsd-client-0.3.0.0
- completed:
    hackage: time-units-1.0.0@sha256:27cf54091c4a0ca73d504fc11d5c31ab4041d17404fe3499945e2055697746c1,928
    pantry-tree:
      size: 212
      sha256: 9b516d4195fcea22cd1f4335cfe210e88deca397ba7dacc494d5a2feb69e1af8
  original:
    hackage: time-units-1.0.0
- completed:
    hackage: digest-pure-0.0.3@sha256:00c74b63ce6f7c2a9eae1e2f11794d5935b187ee254ddb854edee501aeb77495,2127
    pantry-tree:
      size: 367
      sha256: a948da5c3ca38ad7183f9e7ddde402b3fb593649c269591eaaf5a9f463ba0808
  original:
    hackage: digest-pure-0.0.3
- completed:
    hackage: DRBG-0.5.5@sha256:3b8040bed356e2b63927a27fb6d5adbd19d70c9e1d1bb66111bbeb33e56900eb,2259
    pantry-tree:
      size: 896
      sha256: 586ee2257b255cb7f2a3663711199f9de9e70445ce7cb192f5af07dd66eadac2
  original:
    hackage: DRBG-0.5.5
- completed:
    hackage: stm-containers-1.1@sha256:e98efa8dcf0045ea8a78a04b4e2763cf2d8bc33aad0750e2f30a67f8f4e933b1,8454
    pantry-tree:
      size: 1564
      sha256: 00d9830990f351bda6b5322ec4adab4386d0a36d3f1a997ec378434c2923f376
  original:
    hackage: stm-containers-1.1
- completed:
    hackage: either-unwrap-1.1@sha256:bd9a8cc3ce127b0f922db4da0b3eb25036034406dd40c954d3f8aa6fe5aab313,605
    pantry-tree:
      size: 219
      sha256: eb3a3ac2c3190da776e9481e8e763ada0a4c9067d08f36d61cd0333172c90f20
  original:
    hackage: either-unwrap-1.1
- completed:
    hackage: raaz-0.2.1@sha256:3bde0b19942613d435d0199c54b96292edcd645b11e25ee3145ab29749798d5d,13644
    pantry-tree:
      size: 8697
      sha256: 61b1dc751b8975175e691b8e1370a249ea523943e40746193c42293a9afc8a03
  original:
    hackage: raaz-0.2.1
snapshots:
- completed:
    size: 509471
    url: https://raw.githubusercontent.com/commercialhaskell/stackage-snapshots/master/lts/12/26.yaml
    sha256: 95f014df58d0679b1c4a2b7bf2b652b61da8d30de5f571abb0d59015ef678646
  original: lts-12.26
