# This file was autogenerated by Stack.
# You should not edit this file by hand.
# For more information, please see the documentation at:
#   https://docs.haskellstack.org/en/stable/lock_files

packages:
- completed:
    hackage: serialise-0.2.0.0@sha256:6ee31f26c0f53874caa9db07d94de4cf3d2200116a272d582f3e03e456fe78f3,9092
    pantry-tree:
      size: 4407
      sha256: 72e57caaaeb36319156b4b1b669c94a9b8a69c086c6f40b058d22d182797948b
  original:
    hackage: serialise-0.2.0.0
- completed:
    hackage: cborg-0.2.0.0@sha256:6092e8418808b3a48f96b4098e90b584f89487a5f0ded2e9d28fe88bce81ac20,3155
    pantry-tree:
      size: 1156
      sha256: b24df9045448c64c94af090f21e4d3b6efa0d5fbc718a067040ed6f2add4c88e
  original:
    hackage: cborg-0.2.0.0
- completed:
    hackage: statsd-client-0.3.0.0@sha256:cd1cd5c38a5f8332354d77b1eb1e58e477b718bc2d849e72415f7df8c5659af6,1222
    pantry-tree:
      size: 426
      sha256: 9e9135ecd89321839753ca9b6d193a1e2f926f699e97eea366490aa7ec46b191
  original:
    hackage: statsd-client-0.3.0.0
- completed:
    hackage: time-units-1.0.0@sha256:27cf54091c4a0ca73d504fc11d5c31ab4041d17404fe3499945e2055697746c1,928
    pantry-tree:
      size: 212
      sha256: 9b516d4195fcea22cd1f4335cfe210e88deca397ba7dacc494d5a2feb69e1af8
  original:
    hackage: time-units-1.0.0
- completed:
    hackage: digest-pure-0.0.3@sha256:00c74b63ce6f7c2a9eae1e2f11794d5935b187ee254ddb854edee501aeb77495,2127
    pantry-tree:
      size: 367
      sha256: a948da5c3ca38ad7183f9e7ddde402b3fb593649c269591eaaf5a9f463ba0808
  original:
    hackage: digest-pure-0.0.3
snapshots:
- completed:
    size: 509471
    url: https://raw.githubusercontent.com/commercialhaskell/stackage-snapshots/master/lts/12/26.yaml
    sha256: 95f014df58d0679b1c4a2b7bf2b652b61da8d30de5f571abb0d59015ef678646
  original: lts-12.26
